
Microsoft Visual Studio Solution File, Format Version 12.00
# Visual Studio 15
VisualStudioVersion = 15.0.28307.852
MinimumVisualStudioVersion = 10.0.40219.1
Project("{FAE04EC0-301F-11D3-BF4B-00C04F79EFBC}") = "ClassWarehouseLibrary", "ClassWarehouseLibrary\ClassWarehouseLibrary.csproj", "{410CCB68-B0DC-46F8-887F-9ECDC056BE4A}"
EndProject
Project("{FAE04EC0-301F-11D3-BF4B-00C04F79EFBC}") = "WarehouseConsoleApp", "WarehouseConsoleApp\WarehouseConsoleApp.csproj", "{FAAC2D54-E4C6-4DE8-AD51-4A44C65E5AA5}"
EndProject
Project("{FAE04EC0-301F-11D3-BF4B-00C04F79EFBC}") = "WarehouseTests", "WareHouseTests\WarehouseTests.csproj", "{3A2A0294-4979-4EAE-8250-05B9AFA56696}"
EndProject
Global
	GlobalSection(SolutionConfigurationPlatforms) = preSolution
		Debug|Any CPU = Debug|Any CPU
		Release|Any CPU = Release|Any CPU
	EndGlobalSection
	GlobalSection(ProjectConfigurationPlatforms) = postSolution
		{410CCB68-B0DC-46F8-887F-9ECDC056BE4A}.Debug|Any CPU.ActiveCfg = Debug|Any CPU
		{410CCB68-B0DC-46F8-887F-9ECDC056BE4A}.Debug|Any CPU.Build.0 = Debug|Any CPU
		{410CCB68-B0DC-46F8-887F-9ECDC056BE4A}.Release|Any CPU.ActiveCfg = Release|Any CPU
		{410CCB68-B0DC-46F8-887F-9ECDC056BE4A}.Release|Any CPU.Build.0 = Release|Any CPU
		{FAAC2D54-E4C6-4DE8-AD51-4A44C65E5AA5}.Debug|Any CPU.ActiveCfg = Debug|Any CPU
		{FAAC2D54-E4C6-4DE8-AD51-4A44C65E5AA5}.Debug|Any CPU.Build.0 = Debug|Any CPU
		{FAAC2D54-E4C6-4DE8-AD51-4A44C65E5AA5}.Release|Any CPU.ActiveCfg = Release|Any CPU
		{FAAC2D54-E4C6-4DE8-AD51-4A44C65E5AA5}.Release|Any CPU.Build.0 = Release|Any CPU
		{3A2A0294-4979-4EAE-8250-05B9AFA56696}.Debug|Any CPU.ActiveCfg = Debug|Any CPU
		{3A2A0294-4979-4EAE-8250-05B9AFA56696}.Debug|Any CPU.Build.0 = Debug|Any CPU
		{3A2A0294-4979-4EAE-8250-05B9AFA56696}.Release|Any CPU.ActiveCfg = Release|Any CPU
		{3A2A0294-4979-4EAE-8250-05B9AFA56696}.Release|Any CPU.Build.0 = Release|Any CPU
	EndGlobalSection
	GlobalSection(SolutionProperties) = preSolution
		HideSolutionNode = FALSE
	EndGlobalSection
	GlobalSection(ExtensibilityGlobals) = postSolution
		SolutionGuid = {008EB12D-8727-4EE9-8BDF-7F0DB38084B7}
	EndGlobalSection
EndGlobal
