
Microsoft Visual Studio Solution File, Format Version 12.00
# Visual Studio 15
VisualStudioVersion = 15.0.28307.852
MinimumVisualStudioVersion = 10.0.40219.1
Project("{FAE04EC0-301F-11D3-BF4B-00C04F79EFBC}") = "ClassLibrary", "ClassLibrary1\ClassLibrary.csproj", "{2F6DE70B-03D4-457B-AF5D-10A71EEA672A}"
EndProject
Project("{FAE04EC0-301F-11D3-BF4B-00C04F79EFBC}") = "OwnSerialization", "OwnSerialization1\OwnSerialization.csproj", "{40D95BEC-C1F5-4A5F-8268-1E96FBD38E38}"
EndProject
Project("{FAE04EC0-301F-11D3-BF4B-00C04F79EFBC}") = "ConsoleApp", "ConsoleApp1\ConsoleApp.csproj", "{A3148E0A-A05B-4DAA-BAB7-F8A91BB16C32}"
EndProject
Global
	GlobalSection(SolutionConfigurationPlatforms) = preSolution
		Debug|Any CPU = Debug|Any CPU
		Release|Any CPU = Release|Any CPU
	EndGlobalSection
	GlobalSection(ProjectConfigurationPlatforms) = postSolution
		{2F6DE70B-03D4-457B-AF5D-10A71EEA672A}.Debug|Any CPU.ActiveCfg = Debug|Any CPU
		{2F6DE70B-03D4-457B-AF5D-10A71EEA672A}.Debug|Any CPU.Build.0 = Debug|Any CPU
		{2F6DE70B-03D4-457B-AF5D-10A71EEA672A}.Release|Any CPU.ActiveCfg = Release|Any CPU
		{2F6DE70B-03D4-457B-AF5D-10A71EEA672A}.Release|Any CPU.Build.0 = Release|Any CPU
		{40D95BEC-C1F5-4A5F-8268-1E96FBD38E38}.Debug|Any CPU.ActiveCfg = Debug|Any CPU
		{40D95BEC-C1F5-4A5F-8268-1E96FBD38E38}.Debug|Any CPU.Build.0 = Debug|Any CPU
		{40D95BEC-C1F5-4A5F-8268-1E96FBD38E38}.Release|Any CPU.ActiveCfg = Release|Any CPU
		{40D95BEC-C1F5-4A5F-8268-1E96FBD38E38}.Release|Any CPU.Build.0 = Release|Any CPU
		{A3148E0A-A05B-4DAA-BAB7-F8A91BB16C32}.Debug|Any CPU.ActiveCfg = Debug|Any CPU
		{A3148E0A-A05B-4DAA-BAB7-F8A91BB16C32}.Debug|Any CPU.Build.0 = Debug|Any CPU
		{A3148E0A-A05B-4DAA-BAB7-F8A91BB16C32}.Release|Any CPU.ActiveCfg = Release|Any CPU
		{A3148E0A-A05B-4DAA-BAB7-F8A91BB16C32}.Release|Any CPU.Build.0 = Release|Any CPU
	EndGlobalSection
	GlobalSection(SolutionProperties) = preSolution
		HideSolutionNode = FALSE
	EndGlobalSection
	GlobalSection(ExtensibilityGlobals) = postSolution
		SolutionGuid = {008EB12D-8727-4EE9-8BDF-7F0DB38084B7}
	EndGlobalSection
EndGlobal
